# This file is autogenerated, do not edit; changes may be undone by the next 'dep ensure'.


[[projects]]
  digest = "1:36f7c45919b24712f4969256c868b711b982605f2772a4c739da51a16533d17f"
  name = "github.com/containernetworking/cni"
  packages = [
    "pkg/invoke",
    "pkg/skel",
    "pkg/types",
    "pkg/types/020",
    "pkg/types/current",
    "pkg/version",
  ]
  pruneopts = "UT"
  revision = "a7885cb6f8ab03fba07852ded351e4f5e7a112bf"
  version = "v0.6.0"

[[projects]]
  digest = "1:c73fbcf10c3e4774706be269b8adc4d28302a1869e6bfff9b3736c035ef55eda"
  name = "github.com/containernetworking/plugins"
  packages = [
    "pkg/ip",
    "pkg/ipam",
    "pkg/ns",
    "pkg/utils",
    "pkg/utils/hwaddr",
    "pkg/utils/sysctl",
  ]
  pruneopts = "UT"
  revision = "9ebe139e77e82afb122e335328007bca86905ae4"
  version = "v0.7.4"

[[projects]]
  digest = "1:df4af3a8e15cd72b068b8d898598001935edce4eac4eb5a3d7fd906036123ff4"
  name = "github.com/coreos/go-iptables"
  packages = ["iptables"]
  pruneopts = "UT"
  revision = "259c8e6a4275d497442c721fa52204d7a58bde8b"
  version = "v0.2.0"

[[projects]]
  branch = "master"
  digest = "1:a3bfc19275b9dfe17b7491540c2da5c1a86b88090d2daa7da1622f0fcd7ac482"
  name = "github.com/digitalocean/go-openvswitch"
  packages = ["ovs"]
  pruneopts = "UT"
  revision = "d4914faa77e001555194ca4bd7267875253a7b3b"

[[projects]]
  branch = "master"
  digest = "1:4e546f0ce816dad2b5b8114adc7d02cb18e4b6d23d9d22e5a08af05a7b7d5d76"
  name = "github.com/j-keck/arping"
  packages = ["."]
  pruneopts = "UT"
  revision = "2cf9dc699c5640a7e2c81403a44127bf28033600"

[[projects]]
  digest = "1:2d9d06cb9d46dacfdbb45f8575b39fc0126d083841a29d4fbf8d97708f43107e"
  name = "github.com/vishvananda/netlink"
  packages = [
    ".",
    "nl",
  ]
  pruneopts = "UT"
  revision = "a2ad57a690f3caf3015351d2d6e1c0b95c349752"
  version = "v1.0.0"

[[projects]]
  branch = "master"
  digest = "1:e4e30678fb2560b5c62f6308c5023d6c294fc7713216fa379411cc74465e866f"
  name = "github.com/vishvananda/netns"
  packages = ["."]
  pruneopts = "UT"
  revision = "13995c7128ccc8e51e9a6bd2b551020a27180abd"

[[projects]]
  branch = "master"
  digest = "1:8207c052fb873f83c61a5aa16f6add5feb9881eda2112b56f69fd3b9e7f55c3f"
  name = "golang.org/x/sys"
  packages = ["unix"]
  pruneopts = "UT"
  revision = "d0b11bdaac8adb652bff00e49bcacf992835621a"

[solve-meta]
  analyzer-name = "dep"
  analyzer-version = 1
  input-imports = [
    "github.com/containernetworking/cni/pkg/skel",
    "github.com/containernetworking/cni/pkg/types",
    "github.com/containernetworking/cni/pkg/types/current",
    "github.com/containernetworking/cni/pkg/version",
    "github.com/containernetworking/plugins/pkg/ip",
    "github.com/containernetworking/plugins/pkg/ipam",
    "github.com/containernetworking/plugins/pkg/ns",
    "github.com/containernetworking/plugins/pkg/utils",
    "github.com/digitalocean/go-openvswitch/ovs",
    "github.com/j-keck/arping",
    "github.com/vishvananda/netlink",
  ]
  solver-name = "gps-cdcl"
  solver-version = 1
